
Microsoft Visual Studio Solution File, Format Version 12.00
# Visual Studio Version 16
VisualStudioVersion = 16.0.30406.217
MinimumVisualStudioVersion = 10.0.40219.1
Project("{FAE04EC0-301F-11D3-BF4B-00C04F79EFBC}") = "MemoEngineCore", "MemoEngineCore\MemoEngineCore.csproj", "{9E755257-ED43-4006-AE0B-D2A376270970}"
EndProject
Project("{2150E333-8FDC-42A3-9474-1A3956D46DE8}") = "AspNetCoreBook", "AspNetCoreBook", "{A37081BE-6AA7-4AE2-AF2E-F0A353024805}"
EndProject
Project("{2150E333-8FDC-42A3-9474-1A3956D46DE8}") = "01_VisualStudio", "01_VisualStudio", "{4245BC63-471E-4BDB-AE63-E209BDA5E3CA}"
EndProject
Project("{9A19103F-16F7-4668-BE54-9A1E7A4F7556}") = "HelloWorldNetCoreWithCode", "HelloWorldNetCoreWithCode\HelloWorldNetCoreWithCode.csproj", "{4F4B2FB2-C4E1-47A6-AACE-B8E1EF6CF09B}"
EndProject
Project("{FAE04EC0-301F-11D3-BF4B-00C04F79EFBC}") = "HelloWorldNetFramework", "HelloWorldNetFramework\HelloWorldNetFramework.csproj", "{F8403DC5-967C-4A7E-A1FB-92D0283ABD46}"
EndProject
Project("{9A19103F-16F7-4668-BE54-9A1E7A4F7556}") = "HellowWorldnetCore", "HellowWorldnetCore\HellowWorldnetCore\HellowWorldnetCore.csproj", "{346EC401-0397-4234-97AC-34062F57A7D3}"
EndProject
Project("{2150E333-8FDC-42A3-9474-1A3956D46DE8}") = "02_AspNet", "02_AspNet", "{30752180-9789-45BB-82D3-683A4CF16324}"
EndProject
Project("{FAE04EC0-301F-11D3-BF4B-00C04F79EFBC}") = "DevHelloWorld", "DevHelloWorld\DevHelloWorld.csproj", "{DB0A2ACA-3FBD-4752-8B2E-D470B9F5DEF4}"
EndProject
Project("{2150E333-8FDC-42A3-9474-1A3956D46DE8}") = "03_WebForms", "03_WebForms", "{7F23C910-162B-4D6F-9F4C-48927EE0EED6}"
EndProject
Project("{FAE04EC0-301F-11D3-BF4B-00C04F79EFBC}") = "DevASPNET", "DevASPNET\DevASPNET.csproj", "{CBDC574F-0EBC-42B5-9C66-0A3B730FB057}"
EndProject
Project("{FAE04EC0-301F-11D3-BF4B-00C04F79EFBC}") = "DevWindowsForm", "DevWindowsForm\DevWindowsForm.csproj", "{4055D1E0-19A1-4A2F-A912-BB2720FD85F2}"
EndProject
Global
	GlobalSection(SolutionConfigurationPlatforms) = preSolution
		Debug|Any CPU = Debug|Any CPU
		Release|Any CPU = Release|Any CPU
	EndGlobalSection
	GlobalSection(ProjectConfigurationPlatforms) = postSolution
		{9E755257-ED43-4006-AE0B-D2A376270970}.Debug|Any CPU.ActiveCfg = Debug|Any CPU
		{9E755257-ED43-4006-AE0B-D2A376270970}.Debug|Any CPU.Build.0 = Debug|Any CPU
		{9E755257-ED43-4006-AE0B-D2A376270970}.Release|Any CPU.ActiveCfg = Release|Any CPU
		{9E755257-ED43-4006-AE0B-D2A376270970}.Release|Any CPU.Build.0 = Release|Any CPU
		{4F4B2FB2-C4E1-47A6-AACE-B8E1EF6CF09B}.Debug|Any CPU.ActiveCfg = Debug|Any CPU
		{4F4B2FB2-C4E1-47A6-AACE-B8E1EF6CF09B}.Debug|Any CPU.Build.0 = Debug|Any CPU
		{4F4B2FB2-C4E1-47A6-AACE-B8E1EF6CF09B}.Release|Any CPU.ActiveCfg = Release|Any CPU
		{4F4B2FB2-C4E1-47A6-AACE-B8E1EF6CF09B}.Release|Any CPU.Build.0 = Release|Any CPU
		{F8403DC5-967C-4A7E-A1FB-92D0283ABD46}.Debug|Any CPU.ActiveCfg = Debug|Any CPU
		{F8403DC5-967C-4A7E-A1FB-92D0283ABD46}.Debug|Any CPU.Build.0 = Debug|Any CPU
		{F8403DC5-967C-4A7E-A1FB-92D0283ABD46}.Release|Any CPU.ActiveCfg = Release|Any CPU
		{F8403DC5-967C-4A7E-A1FB-92D0283ABD46}.Release|Any CPU.Build.0 = Release|Any CPU
		{346EC401-0397-4234-97AC-34062F57A7D3}.Debug|Any CPU.ActiveCfg = Debug|Any CPU
		{346EC401-0397-4234-97AC-34062F57A7D3}.Debug|Any CPU.Build.0 = Debug|Any CPU
		{346EC401-0397-4234-97AC-34062F57A7D3}.Release|Any CPU.ActiveCfg = Release|Any CPU
		{346EC401-0397-4234-97AC-34062F57A7D3}.Release|Any CPU.Build.0 = Release|Any CPU
		{DB0A2ACA-3FBD-4752-8B2E-D470B9F5DEF4}.Debug|Any CPU.ActiveCfg = Debug|Any CPU
		{DB0A2ACA-3FBD-4752-8B2E-D470B9F5DEF4}.Debug|Any CPU.Build.0 = Debug|Any CPU
		{DB0A2ACA-3FBD-4752-8B2E-D470B9F5DEF4}.Release|Any CPU.ActiveCfg = Release|Any CPU
		{DB0A2ACA-3FBD-4752-8B2E-D470B9F5DEF4}.Release|Any CPU.Build.0 = Release|Any CPU
		{CBDC574F-0EBC-42B5-9C66-0A3B730FB057}.Debug|Any CPU.ActiveCfg = Debug|Any CPU
		{CBDC574F-0EBC-42B5-9C66-0A3B730FB057}.Debug|Any CPU.Build.0 = Debug|Any CPU
		{CBDC574F-0EBC-42B5-9C66-0A3B730FB057}.Release|Any CPU.ActiveCfg = Release|Any CPU
		{CBDC574F-0EBC-42B5-9C66-0A3B730FB057}.Release|Any CPU.Build.0 = Release|Any CPU
		{4055D1E0-19A1-4A2F-A912-BB2720FD85F2}.Debug|Any CPU.ActiveCfg = Debug|Any CPU
		{4055D1E0-19A1-4A2F-A912-BB2720FD85F2}.Debug|Any CPU.Build.0 = Debug|Any CPU
		{4055D1E0-19A1-4A2F-A912-BB2720FD85F2}.Release|Any CPU.ActiveCfg = Release|Any CPU
		{4055D1E0-19A1-4A2F-A912-BB2720FD85F2}.Release|Any CPU.Build.0 = Release|Any CPU
	EndGlobalSection
	GlobalSection(SolutionProperties) = preSolution
		HideSolutionNode = FALSE
	EndGlobalSection
	GlobalSection(NestedProjects) = preSolution
		{4245BC63-471E-4BDB-AE63-E209BDA5E3CA} = {A37081BE-6AA7-4AE2-AF2E-F0A353024805}
		{4F4B2FB2-C4E1-47A6-AACE-B8E1EF6CF09B} = {4245BC63-471E-4BDB-AE63-E209BDA5E3CA}
		{F8403DC5-967C-4A7E-A1FB-92D0283ABD46} = {4245BC63-471E-4BDB-AE63-E209BDA5E3CA}
		{346EC401-0397-4234-97AC-34062F57A7D3} = {4245BC63-471E-4BDB-AE63-E209BDA5E3CA}
		{30752180-9789-45BB-82D3-683A4CF16324} = {A37081BE-6AA7-4AE2-AF2E-F0A353024805}
		{DB0A2ACA-3FBD-4752-8B2E-D470B9F5DEF4} = {30752180-9789-45BB-82D3-683A4CF16324}
		{7F23C910-162B-4D6F-9F4C-48927EE0EED6} = {A37081BE-6AA7-4AE2-AF2E-F0A353024805}
		{CBDC574F-0EBC-42B5-9C66-0A3B730FB057} = {7F23C910-162B-4D6F-9F4C-48927EE0EED6}
		{4055D1E0-19A1-4A2F-A912-BB2720FD85F2} = {7F23C910-162B-4D6F-9F4C-48927EE0EED6}
	EndGlobalSection
	GlobalSection(ExtensibilityGlobals) = postSolution
		SolutionGuid = {5582E4F8-B4D8-431E-9474-143BFDB9B492}
	EndGlobalSection
EndGlobal
