
Microsoft Visual Studio Solution File, Format Version 12.00
# Visual Studio Version 16
VisualStudioVersion = 16.0.30406.217
MinimumVisualStudioVersion = 10.0.40219.1
Project("{FAE04EC0-301F-11D3-BF4B-00C04F79EFBC}") = "HellowWorldnetCore", "HellowWorldnetCore\HellowWorldnetCore.csproj", "{FB88F11E-BFC7-4F4B-A43A-0BD54EBC7913}"
EndProject
Global
	GlobalSection(SolutionConfigurationPlatforms) = preSolution
		Debug|Any CPU = Debug|Any CPU
		Release|Any CPU = Release|Any CPU
	EndGlobalSection
	GlobalSection(ProjectConfigurationPlatforms) = postSolution
		{FB88F11E-BFC7-4F4B-A43A-0BD54EBC7913}.Debug|Any CPU.ActiveCfg = Debug|Any CPU
		{FB88F11E-BFC7-4F4B-A43A-0BD54EBC7913}.Debug|Any CPU.Build.0 = Debug|Any CPU
		{FB88F11E-BFC7-4F4B-A43A-0BD54EBC7913}.Release|Any CPU.ActiveCfg = Release|Any CPU
		{FB88F11E-BFC7-4F4B-A43A-0BD54EBC7913}.Release|Any CPU.Build.0 = Release|Any CPU
	EndGlobalSection
	GlobalSection(SolutionProperties) = preSolution
		HideSolutionNode = FALSE
	EndGlobalSection
	GlobalSection(ExtensibilityGlobals) = postSolution
		SolutionGuid = {B6834763-7990-4094-B67E-F4C7A2BD0A1B}
	EndGlobalSection
EndGlobal
